// !$*UTF8*$!
{
	archiveVersion = 1;
	classes = {
	};
	objectVersion = 50;
	objects = {

/* Begin PBXBuildFile section */
		74271EC621B1547A00917EF2 /* AppDelegate.m in Sources */ = {isa = PBXBuildFile; fileRef = 74271EC521B1547A00917EF2 /* AppDelegate.m */; };
		74271EC921B1547A00917EF2 /* ViewController.m in Sources */ = {isa = PBXBuildFile; fileRef = 74271EC821B1547A00917EF2 /* ViewController.m */; };
		74271ECC21B1547A00917EF2 /* Main.storyboard in Resources */ = {isa = PBXBuildFile; fileRef = 74271ECA21B1547A00917EF2 /* Main.storyboard */; };
		74271ECE21B1548300917EF2 /* Assets.xcassets in Resources */ = {isa = PBXBuildFile; fileRef = 74271ECD21B1548300917EF2 /* Assets.xcassets */; };
		74271ED121B1548300917EF2 /* LaunchScreen.storyboard in Resources */ = {isa = PBXBuildFile; fileRef = 74271ECF21B1548300917EF2 /* LaunchScreen.storyboard */; };
		74271ED421B1548300917EF2 /* main.m in Sources */ = {isa = PBXBuildFile; fileRef = 74271ED321B1548300917EF2 /* main.m */; };
		74271EDD21B15A4000917EF2 /* DirectionButton.m in Sources */ = {isa = PBXBuildFile; fileRef = 74271EDB21B15A4000917EF2 /* DirectionButton.m */; };
/* End PBXBuildFile section */

/* Begin PBXFileReference section */
		74271EC121B1547A00917EF2 /* TLBRButton.app */ = {isa = PBXFileReference; explicitFileType = wrapper.application; includeInIndex = 0; path = TLBRButton.app; sourceTree = BUILT_PRODUCTS_DIR; };
		74271EC421B1547A00917EF2 /* AppDelegate.h */ = {isa = PBXFileReference; lastKnownFileType = sourcecode.c.h; path = AppDelegate.h; sourceTree = "<group>"; };
		74271EC521B1547A00917EF2 /* AppDelegate.m */ = {isa = PBXFileReference; lastKnownFileType = sourcecode.c.objc; path = AppDelegate.m; sourceTree = "<group>"; };
		74271EC721B1547A00917EF2 /* ViewController.h */ = {isa = PBXFileReference; lastKnownFileType = sourcecode.c.h; path = ViewController.h; sourceTree = "<group>"; };
		74271EC821B1547A00917EF2 /* ViewController.m */ = {isa = PBXFileReference; lastKnownFileType = sourcecode.c.objc; path = ViewController.m; sourceTree = "<group>"; };
		74271ECB21B1547A00917EF2 /* Base */ = {isa = PBXFileReference; lastKnownFileType = file.storyboard; name = Base; path = Base.lproj/Main.storyboard; sourceTree = "<group>"; };
		74271ECD21B1548300917EF2 /* Assets.xcassets */ = {isa = PBXFileReference; lastKnownFileType = folder.assetcatalog; path = Assets.xcassets; sourceTree = "<group>"; };
		74271ED021B1548300917EF2 /* Base */ = {isa = PBXFileReference; lastKnownFileType = file.storyboard; name = Base; path = Base.lproj/LaunchScreen.storyboard; sourceTree = "<group>"; };
		74271ED221B1548300917EF2 /* Info.plist */ = {isa = PBXFileReference; lastKnownFileType = text.plist.xml; path = Info.plist; sourceTree = "<group>"; };
		74271ED321B1548300917EF2 /* main.m */ = {isa = PBXFileReference; lastKnownFileType = sourcecode.c.objc; path = main.m; sourceTree = "<group>"; };
		74271EDB21B15A4000917EF2 /* DirectionButton.m */ = {isa = PBXFileReference; fileEncoding = 4; lastKnownFileType = sourcecode.c.objc; path = DirectionButton.m; sourceTree = "<group>"; };
		74271EDC21B15A4000917EF2 /* DirectionButton.h */ = {isa = PBXFileReference; fileEncoding = 4; lastKnownFileType = sourcecode.c.h; path = DirectionButton.h; sourceTree = "<group>"; };
/* End PBXFileReference section */

/* Begin PBXFrameworksBuildPhase section */
		74271EBE21B1547A00917EF2 /* Frameworks */ = {
			isa = PBXFrameworksBuildPhase;
			buildActionMask = 2147483647;
			files = (
			);
			runOnlyForDeploymentPostprocessing = 0;
		};
/* End PBXFrameworksBuildPhase section */

/* Begin PBXGroup section */
		74271EB821B1547A00917EF2 = {
			isa = PBXGroup;
			children = (
				74271EC321B1547A00917EF2 /* TLBRButton */,
				74271EC221B1547A00917EF2 /* Products */,
			);
			sourceTree = "<group>";
		};
		74271EC221B1547A00917EF2 /* Products */ = {
			isa = PBXGroup;
			children = (
				74271EC121B1547A00917EF2 /* TLBRButton.app */,
			);
			name = Products;
			sourceTree = "<group>";
		};
		74271EC321B1547A00917EF2 /* TLBRButton */ = {
			isa = PBXGroup;
			children = (
				74271EDA21B15A2200917EF2 /* CUMButton */,
				74271EC421B1547A00917EF2 /* AppDelegate.h */,
				74271EC521B1547A00917EF2 /* AppDelegate.m */,
				74271EC721B1547A00917EF2 /* ViewController.h */,
				74271EC821B1547A00917EF2 /* ViewController.m */,
				74271ECA21B1547A00917EF2 /* Main.storyboard */,
				74271ECD21B1548300917EF2 /* Assets.xcassets */,
				74271ECF21B1548300917EF2 /* LaunchScreen.storyboard */,
				74271ED221B1548300917EF2 /* Info.plist */,
				74271ED321B1548300917EF2 /* main.m */,
			);
			path = TLBRButton;
			sourceTree = "<group>";
		};
		74271EDA21B15A2200917EF2 /* CUMButton */ = {
			isa = PBXGroup;
			children = (
				74271EDC21B15A4000917EF2 /* DirectionButton.h */,
				74271EDB21B15A4000917EF2 /* DirectionButton.m */,
			);
			path = CUMButton;
			sourceTree = "<group>";
		};
/* End PBXGroup section */

/* Begin PBXNativeTarget section */
		74271EC021B1547A00917EF2 /* TLBRButton */ = {
			isa = PBXNativeTarget;
			buildConfigurationList = 74271ED721B1548300917EF2 /* Build configuration list for PBXNativeTarget "TLBRButton" */;
			buildPhases = (
				74271EBD21B1547A00917EF2 /* Sources */,
				74271EBE21B1547A00917EF2 /* Frameworks */,
				74271EBF21B1547A00917EF2 /* Resources */,
			);
			buildRules = (
			);
			dependencies = (
			);
			name = TLBRButton;
			productName = TLBRButton;
			productReference = 74271EC121B1547A00917EF2 /* TLBRButton.app */;
			productType = "com.apple.product-type.application";
		};
/* End PBXNativeTarget section */

/* Begin PBXProject section */
		74271EB921B1547A00917EF2 /* Project object */ = {
			isa = PBXProject;
			attributes = {
				LastUpgradeCheck = 1000;
				ORGANIZATIONNAME = "江世豪";
				TargetAttributes = {
					74271EC021B1547A00917EF2 = {
						CreatedOnToolsVersion = 10.0;
					};
				};
			};
			buildConfigurationList = 74271EBC21B1547A00917EF2 /* Build configuration list for PBXProject "TLBRButton" */;
			compatibilityVersion = "Xcode 9.3";
			developmentRegion = en;
			hasScannedForEncodings = 0;
			knownRegions = (
				en,
				Base,
			);
			mainGroup = 74271EB821B1547A00917EF2;
			productRefGroup = 74271EC221B1547A00917EF2 /* Products */;
			projectDirPath = "";
			projectRoot = "";
			targets = (
				74271EC021B1547A00917EF2 /* TLBRButton */,
			);
		};
/* End PBXProject section */

/* Begin PBXResourcesBuildPhase section */
		74271EBF21B1547A00917EF2 /* Resources */ = {
			isa = PBXResourcesBuildPhase;
			buildActionMask = 2147483647;
			files = (
				74271ED121B1548300917EF2 /* LaunchScreen.storyboard in Resources */,
				74271ECE21B1548300917EF2 /* Assets.xcassets in Resources */,
				74271ECC21B1547A00917EF2 /* Main.storyboard in Resources */,
			);
			runOnlyForDeploymentPostprocessing = 0;
		};
/* End PBXResourcesBuildPhase section */

/* Begin PBXSourcesBuildPhase section */
		74271EBD21B1547A00917EF2 /* Sources */ = {
			isa = PBXSourcesBuildPhase;
			buildActionMask = 2147483647;
			files = (
				74271EC921B1547A00917EF2 /* ViewController.m in Sources */,
				74271EDD21B15A4000917EF2 /* DirectionButton.m in Sources */,
				74271ED421B1548300917EF2 /* main.m in Sources */,
				74271EC621B1547A00917EF2 /* AppDelegate.m in Sources */,
			);
			runOnlyForDeploymentPostprocessing = 0;
		};
/* End PBXSourcesBuildPhase section */

/* Begin PBXVariantGroup section */
		74271ECA21B1547A00917EF2 /* Main.storyboard */ = {
			isa = PBXVariantGroup;
			children = (
				74271ECB21B1547A00917EF2 /* Base */,
			);
			name = Main.storyboard;
			sourceTree = "<group>";
		};
		74271ECF21B1548300917EF2 /* LaunchScreen.storyboard */ = {
			isa = PBXVariantGroup;
			children = (
				74271ED021B1548300917EF2 /* Base */,
			);
			name = LaunchScreen.storyboard;
			sourceTree = "<group>";
		};
/* End PBXVariantGroup section */

/* Begin XCBuildConfiguration section */
		74271ED521B1548300917EF2 /* Debug */ = {
			isa = XCBuildConfiguration;
			buildSettings = {
				ALWAYS_SEARCH_USER_PATHS = NO;
				CLANG_ANALYZER_NONNULL = YES;
				CLANG_ANALYZER_NUMBER_OBJECT_CONVERSION = YES_AGGRESSIVE;
				CLANG_CXX_LANGUAGE_STANDARD = "gnu++14";
				CLANG_CXX_LIBRARY = "libc++";
				CLANG_ENABLE_MODULES = YES;
				CLANG_ENABLE_OBJC_ARC = YES;
				CLANG_ENABLE_OBJC_WEAK = YES;
				CLANG_WARN_BLOCK_CAPTURE_AUTORELEASING = YES;
				CLANG_WARN_BOOL_CONVERSION = YES;
				CLANG_WARN_COMMA = YES;
				CLANG_WARN_CONSTANT_CONVERSION = YES;
				CLANG_WARN_DEPRECATED_OBJC_IMPLEMENTATIONS = YES;
				CLANG_WARN_DIRECT_OBJC_ISA_USAGE = YES_ERROR;
				CLANG_WARN_DOCUMENTATION_COMMENTS = YES;
				CLANG_WARN_EMPTY_BODY = YES;
				CLANG_WARN_ENUM_CONVERSION = YES;
				CLANG_WARN_INFINITE_RECURSION = YES;
				CLANG_WARN_INT_CONVERSION = YES;
				CLANG_WARN_NON_LITERAL_NULL_CONVERSION = YES;
				CLANG_WARN_OBJC_IMPLICIT_RETAIN_SELF = YES;
				CLANG_WARN_OBJC_LITERAL_CONVERSION = YES;
				CLANG_WARN_OBJC_ROOT_CLASS = YES_ERROR;
				CLANG_WARN_RANGE_LOOP_ANALYSIS = YES;
				CLANG_WARN_STRICT_PROTOTYPES = YES;
				CLANG_WARN_SUSPICIOUS_MOVE = YES;
				CLANG_WARN_UNGUARDED_AVAILABILITY = YES_AGGRESSIVE;
				CLANG_WARN_UNREACHABLE_CODE = YES;
				CLANG_WARN__DUPLICATE_METHOD_MATCH = YES;
				CODE_SIGN_IDENTITY = "iPhone Developer";
				COPY_PHASE_STRIP = NO;
				DEBUG_INFORMATION_FORMAT = dwarf;
				ENABLE_STRICT_OBJC_MSGSEND = YES;
				ENABLE_TESTABILITY = YES;
				GCC_C_LANGUAGE_STANDARD = gnu11;
				GCC_DYNAMIC_NO_PIC = NO;
				GCC_NO_COMMON_BLOCKS = YES;
				GCC_OPTIMIZATION_LEVEL = 0;
				GCC_PREPROCESSOR_DEFINITIONS = (
					"DEBUG=1",
					"$(inherited)",
				);
				GCC_WARN_64_TO_32_BIT_CONVERSION = YES;
				GCC_WARN_ABOUT_RETURN_TYPE = YES_ERROR;
				GCC_WARN_UNDECLARED_SELECTOR = YES;
				GCC_WARN_UNINITIALIZED_AUTOS = YES_AGGRESSIVE;
				GCC_WARN_UNUSED_FUNCTION = YES;
				GCC_WARN_UNUSED_VARIABLE = YES;
				IPHONEOS_DEPLOYMENT_TARGET = 12.0;
				MTL_ENABLE_DEBUG_INFO = INCLUDE_SOURCE;
				MTL_FAST_MATH = YES;
				ONLY_ACTIVE_ARCH = YES;
				SDKROOT = iphoneos;
			};
			name = Debug;
		};
		74271ED621B1548300917EF2 /* Release */ = {
			isa = XCBuildConfiguration;
			buildSettings = {
				ALWAYS_SEARCH_USER_PATHS = NO;
				CLANG_ANALYZER_NONNULL = YES;
				CLANG_ANALYZER_NUMBER_OBJECT_CONVERSION = YES_AGGRESSIVE;
				CLANG_CXX_LANGUAGE_STANDARD = "gnu++14";
				CLANG_CXX_LIBRARY = "libc++";
				CLANG_ENABLE_MODULES = YES;
				CLANG_ENABLE_OBJC_ARC = YES;
				CLANG_ENABLE_OBJC_WEAK = YES;
				CLANG_WARN_BLOCK_CAPTURE_AUTORELEASING = YES;
				CLANG_WARN_BOOL_CONVERSION = YES;
				CLANG_WARN_COMMA = YES;
				CLANG_WARN_CONSTANT_CONVERSION = YES;
				CLANG_WARN_DEPRECATED_OBJC_IMPLEMENTATIONS = YES;
				CLANG_WARN_DIRECT_OBJC_ISA_USAGE = YES_ERROR;
				CLANG_WARN_DOCUMENTATION_COMMENTS = YES;
				CLANG_WARN_EMPTY_BODY = YES;
				CLANG_WARN_ENUM_CONVERSION = YES;
				CLANG_WARN_INFINITE_RECURSION = YES;
				CLANG_WARN_INT_CONVERSION = YES;
				CLANG_WARN_NON_LITERAL_NULL_CONVERSION = YES;
				CLANG_WARN_OBJC_IMPLICIT_RETAIN_SELF = YES;
				CLANG_WARN_OBJC_LITERAL_CONVERSION = YES;
				CLANG_WARN_OBJC_ROOT_CLASS = YES_ERROR;
				CLANG_WARN_RANGE_LOOP_ANALYSIS = YES;
				CLANG_WARN_STRICT_PROTOTYPES = YES;
				CLANG_WARN_SUSPICIOUS_MOVE = YES;
				CLANG_WARN_UNGUARDED_AVAILABILITY = YES_AGGRESSIVE;
				CLANG_WARN_UNREACHABLE_CODE = YES;
				CLANG_WARN__DUPLICATE_METHOD_MATCH = YES;
				CODE_SIGN_IDENTITY = "iPhone Developer";
				COPY_PHASE_STRIP = NO;
				DEBUG_INFORMATION_FORMAT = "dwarf-with-dsym";
				ENABLE_NS_ASSERTIONS = NO;
				ENABLE_STRICT_OBJC_MSGSEND = YES;
				GCC_C_LANGUAGE_STANDARD = gnu11;
				GCC_NO_COMMON_BLOCKS = YES;
				GCC_WARN_64_TO_32_BIT_CONVERSION = YES;
				GCC_WARN_ABOUT_RETURN_TYPE = YES_ERROR;
				GCC_WARN_UNDECLARED_SELECTOR = YES;
				GCC_WARN_UNINITIALIZED_AUTOS = YES_AGGRESSIVE;
				GCC_WARN_UNUSED_FUNCTION = YES;
				GCC_WARN_UNUSED_VARIABLE = YES;
				IPHONEOS_DEPLOYMENT_TARGET = 12.0;
				MTL_ENABLE_DEBUG_INFO = NO;
				MTL_FAST_MATH = YES;
				SDKROOT = iphoneos;
				VALIDATE_PRODUCT = YES;
			};
			name = Release;
		};
		74271ED821B1548300917EF2 /* Debug */ = {
			isa = XCBuildConfiguration;
			buildSettings = {
				ASSETCATALOG_COMPILER_APPICON_NAME = AppIcon;
				CODE_SIGN_STYLE = Automatic;
				INFOPLIST_FILE = TLBRButton/Info.plist;
				LD_RUNPATH_SEARCH_PATHS = (
					"$(inherited)",
					"@executable_path/Frameworks",
				);
				PRODUCT_BUNDLE_IDENTIFIER = JSH.TLBRButton;
				PRODUCT_NAME = "$(TARGET_NAME)";
				TARGETED_DEVICE_FAMILY = "1,2";
			};
			name = Debug;
		};
		74271ED921B1548300917EF2 /* Release */ = {
			isa = XCBuildConfiguration;
			buildSettings = {
				ASSETCATALOG_COMPILER_APPICON_NAME = AppIcon;
				CODE_SIGN_STYLE = Automatic;
				INFOPLIST_FILE = TLBRButton/Info.plist;
				LD_RUNPATH_SEARCH_PATHS = (
					"$(inherited)",
					"@executable_path/Frameworks",
				);
				PRODUCT_BUNDLE_IDENTIFIER = JSH.TLBRButton;
				PRODUCT_NAME = "$(TARGET_NAME)";
				TARGETED_DEVICE_FAMILY = "1,2";
			};
			name = Release;
		};
/* End XCBuildConfiguration section */

/* Begin XCConfigurationList section */
		74271EBC21B1547A00917EF2 /* Build configuration list for PBXProject "TLBRButton" */ = {
			isa = XCConfigurationList;
			buildConfigurations = (
				74271ED521B1548300917EF2 /* Debug */,
				74271ED621B1548300917EF2 /* Release */,
			);
			defaultConfigurationIsVisible = 0;
			defaultConfigurationName = Release;
		};
		74271ED721B1548300917EF2 /* Build configuration list for PBXNativeTarget "TLBRButton" */ = {
			isa = XCConfigurationList;
			buildConfigurations = (
				74271ED821B1548300917EF2 /* Debug */,
				74271ED921B1548300917EF2 /* Release */,
			);
			defaultConfigurationIsVisible = 0;
			defaultConfigurationName = Release;
		};
/* End XCConfigurationList section */
	};
	rootObject = 74271EB921B1547A00917EF2 /* Project object */;
}
